# This file is automatically @generated by Cargo.
# It is not intended for manual editing.
version = 3

[[package]]
name = "paste"
version = "1.0.14"
source = "registry+https://github.com/rust-lang/crates.io-index"
checksum = "de3145af08024dea9fa9914f381a17b8fc6034dfb00f3a84013f7ff43f29ed4c"

[[package]]
name = "tnil"
version = "0.1.1"
dependencies = [
 "paste",
 "vec1",
]

[[package]]
name = "vec1"
version = "1.10.1"
source = "registry+https://github.com/rust-lang/crates.io-index"
checksum = "2bda7c41ca331fe9a1c278a9e7ee055f4be7f5eb1c2b72f079b4ff8b5fce9d5c"
